
Microsoft Visual Studio Solution File, Format Version 12.00
# Visual Studio Version 16
VisualStudioVersion = 16.0.31205.134
MinimumVisualStudioVersion = 10.0.40219.1
Project("{FAE04EC0-301F-11D3-BF4B-00C04F79EFBC}") = "Recursion_Method", "Recursion_Method.csproj", "{EDC3E091-E30B-42AE-9923-B2947DDF08A6}"
EndProject
Global
	GlobalSection(SolutionConfigurationPlatforms) = preSolution
		Debug|Any CPU = Debug|Any CPU
		Release|Any CPU = Release|Any CPU
	EndGlobalSection
	GlobalSection(ProjectConfigurationPlatforms) = postSolution
		{EDC3E091-E30B-42AE-9923-B2947DDF08A6}.Debug|Any CPU.ActiveCfg = Debug|Any CPU
		{EDC3E091-E30B-42AE-9923-B2947DDF08A6}.Debug|Any CPU.Build.0 = Debug|Any CPU
		{EDC3E091-E30B-42AE-9923-B2947DDF08A6}.Release|Any CPU.ActiveCfg = Release|Any CPU
		{EDC3E091-E30B-42AE-9923-B2947DDF08A6}.Release|Any CPU.Build.0 = Release|Any CPU
	EndGlobalSection
	GlobalSection(SolutionProperties) = preSolution
		HideSolutionNode = FALSE
	EndGlobalSection
	GlobalSection(ExtensibilityGlobals) = postSolution
		SolutionGuid = {5B646376-F27D-4032-9322-FE1832F21D9F}
	EndGlobalSection
EndGlobal
