
Microsoft Visual Studio Solution File, Format Version 12.00
# Visual Studio Version 16
VisualStudioVersion = 16.0.31205.134
MinimumVisualStudioVersion = 10.0.40219.1
Project("{FAE04EC0-301F-11D3-BF4B-00C04F79EFBC}") = "Params_keyword", "Params_keyword.csproj", "{06F93051-C632-474A-99B2-64A980A2F65F}"
EndProject
Global
	GlobalSection(SolutionConfigurationPlatforms) = preSolution
		Debug|Any CPU = Debug|Any CPU
		Release|Any CPU = Release|Any CPU
	EndGlobalSection
	GlobalSection(ProjectConfigurationPlatforms) = postSolution
		{06F93051-C632-474A-99B2-64A980A2F65F}.Debug|Any CPU.ActiveCfg = Debug|Any CPU
		{06F93051-C632-474A-99B2-64A980A2F65F}.Debug|Any CPU.Build.0 = Debug|Any CPU
		{06F93051-C632-474A-99B2-64A980A2F65F}.Release|Any CPU.ActiveCfg = Release|Any CPU
		{06F93051-C632-474A-99B2-64A980A2F65F}.Release|Any CPU.Build.0 = Release|Any CPU
	EndGlobalSection
	GlobalSection(SolutionProperties) = preSolution
		HideSolutionNode = FALSE
	EndGlobalSection
	GlobalSection(ExtensibilityGlobals) = postSolution
		SolutionGuid = {F22C53FC-109E-4A66-AB76-2B3C73B6443F}
	EndGlobalSection
EndGlobal
